
Microsoft Visual Studio Solution File, Format Version 9.00
# Visual Studio 2005
Project("{8BC9CEB8-8B4A-11D0-8D11-00A0C91BC942}") = "GP2X_ArcEm", "GP2X_ArcEm.vcproj", "{5E64AB1F-48D2-4C1F-BE43-C4BF5F779CBD}"
EndProject
Global
	GlobalSection(SolutionConfigurationPlatforms) = preSolution
		Debug|Win32 = Debug|Win32
		Release|Win32 = Release|Win32
	EndGlobalSection
	GlobalSection(ProjectConfigurationPlatforms) = postSolution
		{5E64AB1F-48D2-4C1F-BE43-C4BF5F779CBD}.Debug|Win32.ActiveCfg = Debug|Win32
		{5E64AB1F-48D2-4C1F-BE43-C4BF5F779CBD}.Debug|Win32.Build.0 = Debug|Win32
		{5E64AB1F-48D2-4C1F-BE43-C4BF5F779CBD}.Release|Win32.ActiveCfg = Release|Win32
		{5E64AB1F-48D2-4C1F-BE43-C4BF5F779CBD}.Release|Win32.Build.0 = Release|Win32
	EndGlobalSection
	GlobalSection(SolutionProperties) = preSolution
		HideSolutionNode = FALSE
	EndGlobalSection
EndGlobal
