
Microsoft Visual Studio Solution File, Format Version 11.00
# Visual Studio 2010
Project("{8BC9CEB8-8B4A-11D0-8D11-00A0C91BC942}") = "ArcEm", "ArcEm.vcxproj", "{FFDD4A41-730E-4BB4-BEF2-187A5D158ACC}"
EndProject
Global
	GlobalSection(SolutionConfigurationPlatforms) = preSolution
		Debug_XP|Win32 = Debug_XP|Win32
		Debug_XP|x64 = Debug_XP|x64
		Debug|Win32 = Debug|Win32
		Debug|x64 = Debug|x64
		Release_XP|Win32 = Release_XP|Win32
		Release_XP|x64 = Release_XP|x64
		Release|Win32 = Release|Win32
		Release|x64 = Release|x64
	EndGlobalSection
	GlobalSection(ProjectConfigurationPlatforms) = postSolution
		{FFDD4A41-730E-4BB4-BEF2-187A5D158ACC}.Debug_XP|Win32.ActiveCfg = Debug_XP|Win32
		{FFDD4A41-730E-4BB4-BEF2-187A5D158ACC}.Debug_XP|Win32.Build.0 = Debug_XP|Win32
		{FFDD4A41-730E-4BB4-BEF2-187A5D158ACC}.Debug_XP|x64.ActiveCfg = Debug_XP|x64
		{FFDD4A41-730E-4BB4-BEF2-187A5D158ACC}.Debug_XP|x64.Build.0 = Debug_XP|x64
		{FFDD4A41-730E-4BB4-BEF2-187A5D158ACC}.Debug|Win32.ActiveCfg = Debug|Win32
		{FFDD4A41-730E-4BB4-BEF2-187A5D158ACC}.Debug|Win32.Build.0 = Debug|Win32
		{FFDD4A41-730E-4BB4-BEF2-187A5D158ACC}.Debug|x64.ActiveCfg = Debug|x64
		{FFDD4A41-730E-4BB4-BEF2-187A5D158ACC}.Debug|x64.Build.0 = Debug|x64
		{FFDD4A41-730E-4BB4-BEF2-187A5D158ACC}.Release_XP|Win32.ActiveCfg = Release_XP|Win32
		{FFDD4A41-730E-4BB4-BEF2-187A5D158ACC}.Release_XP|Win32.Build.0 = Release_XP|Win32
		{FFDD4A41-730E-4BB4-BEF2-187A5D158ACC}.Release_XP|x64.ActiveCfg = Release_XP|x64
		{FFDD4A41-730E-4BB4-BEF2-187A5D158ACC}.Release_XP|x64.Build.0 = Release_XP|x64
		{FFDD4A41-730E-4BB4-BEF2-187A5D158ACC}.Release|Win32.ActiveCfg = Release|Win32
		{FFDD4A41-730E-4BB4-BEF2-187A5D158ACC}.Release|Win32.Build.0 = Release|Win32
		{FFDD4A41-730E-4BB4-BEF2-187A5D158ACC}.Release|x64.ActiveCfg = Release|x64
		{FFDD4A41-730E-4BB4-BEF2-187A5D158ACC}.Release|x64.Build.0 = Release|x64
	EndGlobalSection
	GlobalSection(SolutionProperties) = preSolution
		HideSolutionNode = FALSE
	EndGlobalSection
	GlobalSection(ExtensibilityGlobals) = postSolution
		SolutionGuid = {25E52722-B1FF-4494-BD3A-E9A8644331E3}
	EndGlobalSection
EndGlobal
