// !$*UTF8*$!
{
	archiveVersion = 1;
	classes = {
	};
	objectVersion = 54;
	objects = {

/* Begin PBXBuildFile section */
		551316392CDED7910084DEE0 /* ini.c in Sources */ = {isa = PBXBuildFile; fileRef = 551316362CDED7910084DEE0 /* ini.c */; };
		557C2AD820CC681E0084CBDB /* hostfs.c in Sources */ = {isa = PBXBuildFile; fileRef = 557C2ACE20CAE8D00084CBDB /* hostfs.c */; };
		5582DD7420C8C14900931D55 /* MainMenu.xib in Resources */ = {isa = PBXBuildFile; fileRef = 29B97318FDCFA39411CA2CEA /* MainMenu.xib */; };
		5582DD7620C8C14900931D55 /* Credits.rtf in Resources */ = {isa = PBXBuildFile; fileRef = D1CA0AAF029C4D9401D1F43F /* Credits.rtf */; };
		5582DD7820C8C14900931D55 /* Preferences.xib in Resources */ = {isa = PBXBuildFile; fileRef = D19819E202CA867701D1F43F /* Preferences.xib */; };
		5582DD7A20C8C14900931D55 /* main.m in Sources */ = {isa = PBXBuildFile; fileRef = 29B97316FDCFA39411CA2CEA /* main.m */; settings = {ATTRIBUTES = (); }; };
		5582DD7B20C8C14900931D55 /* ArcemView.m in Sources */ = {isa = PBXBuildFile; fileRef = D157A5F20291D6F801123251 /* ArcemView.m */; };
		5582DD7C20C8C14900931D55 /* ArcemController.m in Sources */ = {isa = PBXBuildFile; fileRef = D157A5F50291D94401123251 /* ArcemController.m */; };
		5582DD7D20C8C14900931D55 /* ArcemEmulator.m in Sources */ = {isa = PBXBuildFile; fileRef = D157A5F90291DA6C01123251 /* ArcemEmulator.m */; settings = {COMPILER_FLAGS = "-fno-objc-arc"; }; };
		5582DD8020C8C14900931D55 /* PreferenceController.m in Sources */ = {isa = PBXBuildFile; fileRef = D167869C029D98DC01D1F43F /* PreferenceController.m */; };
		5582DD8120C8C14900931D55 /* archio.c in Sources */ = {isa = PBXBuildFile; fileRef = D1E0F9D002B41B0301D1F43F /* archio.c */; };
		5582DD8220C8C14900931D55 /* armarc.c in Sources */ = {isa = PBXBuildFile; fileRef = D1E0F9D202B41B0301D1F43F /* armarc.c */; };
		5582DD8320C8C14900931D55 /* fdc1772.c in Sources */ = {isa = PBXBuildFile; fileRef = D1E0F9D602B41B0301D1F43F /* fdc1772.c */; };
		5582DD8420C8C14900931D55 /* hdc63463.c in Sources */ = {isa = PBXBuildFile; fileRef = D1E0F9D802B41B0301D1F43F /* hdc63463.c */; };
		5582DD8520C8C14900931D55 /* i2c.c in Sources */ = {isa = PBXBuildFile; fileRef = D1E0F9DA02B41B0301D1F43F /* i2c.c */; };
		5582DD8720C8C14900931D55 /* armcopro.c in Sources */ = {isa = PBXBuildFile; fileRef = D1E0F9E202B41B0301D1F43F /* armcopro.c */; };
		5582DD8820C8C14900931D55 /* armemu.c in Sources */ = {isa = PBXBuildFile; fileRef = D1E0F9E802B41B0301D1F43F /* armemu.c */; };
		5582DD8920C8C14900931D55 /* arminit.c in Sources */ = {isa = PBXBuildFile; fileRef = D1E0F9EB02B41B0301D1F43F /* arminit.c */; };
		5582DD8C20C8C14900931D55 /* armsupp.c in Sources */ = {isa = PBXBuildFile; fileRef = D1E0F9F102B41B0301D1F43F /* armsupp.c */; };
		5582DD8D20C8C14900931D55 /* dagstandalone.c in Sources */ = {isa = PBXBuildFile; fileRef = D1E0F9F402B41B0301D1F43F /* dagstandalone.c */; };
		5582DD8E20C8C14900931D55 /* keyboard.c in Sources */ = {isa = PBXBuildFile; fileRef = 4CA3F3EE046BE8B800E6600F /* keyboard.c */; };
		5582DD9020C8C14900931D55 /* Cocoa.framework in Frameworks */ = {isa = PBXBuildFile; fileRef = 1058C7A1FEA54F0111CA2CBB /* Cocoa.framework */; };
		55F89C2420C8C79700374D5B /* cp15.c in Sources */ = {isa = PBXBuildFile; fileRef = 55F89C2220C8C79700374D5B /* cp15.c */; };
		55F89C2620C8C7B400374D5B /* ControlPane.c in Sources */ = {isa = PBXBuildFile; fileRef = D1F01DDC0293E0E601CDBB35 /* ControlPane.c */; };
		55F89C2920C8C7F800374D5B /* eventq.c in Sources */ = {isa = PBXBuildFile; fileRef = 55F89C2720C8C7F800374D5B /* eventq.c */; };
		55F89C2F20C8C92F00374D5B /* extnrom.c in Sources */ = {isa = PBXBuildFile; fileRef = 55F89C2D20C8C92E00374D5B /* extnrom.c */; };
		55F89C3320C8C94700374D5B /* displaydev.c in Sources */ = {isa = PBXBuildFile; fileRef = 55F89C3120C8C94700374D5B /* displaydev.c */; };
		55F89C3920C8C96C00374D5B /* ArcemConfig.c in Sources */ = {isa = PBXBuildFile; fileRef = 55F89C3720C8C96C00374D5B /* ArcemConfig.c */; };
		55F89C3D20C8C9AE00374D5B /* filecommon.c in Sources */ = {isa = PBXBuildFile; fileRef = 55F89C3B20C8C9AE00374D5B /* filecommon.c */; };
		55F89C4220C8CBAA00374D5B /* newsound.c in Sources */ = {isa = PBXBuildFile; fileRef = 55F89C4120C8CBAA00374D5B /* newsound.c */; };
		55F89C4320C8CC9200374D5B /* DispKbd.c in Sources */ = {isa = PBXBuildFile; fileRef = D1F01DD60293339001CDBB35 /* DispKbd.c */; };
		7E89E4E22D6200CC0079EC01 /* filecalls.m in Sources */ = {isa = PBXBuildFile; fileRef = 7E89E4E12D6200CC0079EC01 /* filecalls.m */; };
		7E9CB4FB2D60026C00DBB7B9 /* filero.c in Sources */ = {isa = PBXBuildFile; fileRef = 7E9CB4F62D60026C00DBB7B9 /* filero.c */; };
		7E9CB4FC2D60026C00DBB7B9 /* fileunix.c in Sources */ = {isa = PBXBuildFile; fileRef = 7E9CB4F82D60026C00DBB7B9 /* fileunix.c */; };
		7E9CB4FD2D60026C00DBB7B9 /* filewin.c in Sources */ = {isa = PBXBuildFile; fileRef = 7E9CB4FA2D60026C00DBB7B9 /* filewin.c */; };
/* End PBXBuildFile section */

/* Begin PBXFileReference section */
		1058C7A1FEA54F0111CA2CBB /* Cocoa.framework */ = {isa = PBXFileReference; lastKnownFileType = wrapper.framework; name = Cocoa.framework; path = System/Library/Frameworks/Cocoa.framework; sourceTree = SDKROOT; };
		29B97316FDCFA39411CA2CEA /* main.m */ = {isa = PBXFileReference; fileEncoding = 4; indentWidth = 4; lastKnownFileType = sourcecode.c.objc; lineEnding = 0; path = main.m; sourceTree = SOURCE_ROOT; };
		29B97319FDCFA39411CA2CEA /* English */ = {isa = PBXFileReference; lastKnownFileType = file.xib; name = English; path = en.lproj/MainMenu.xib; sourceTree = "<group>"; };
		29B97324FDCFA39411CA2CEA /* AppKit.framework */ = {isa = PBXFileReference; lastKnownFileType = wrapper.framework; name = AppKit.framework; path = System/Library/Frameworks/AppKit.framework; sourceTree = SDKROOT; };
		29B97325FDCFA39411CA2CEA /* Foundation.framework */ = {isa = PBXFileReference; lastKnownFileType = wrapper.framework; name = Foundation.framework; path = System/Library/Frameworks/Foundation.framework; sourceTree = SDKROOT; };
		4CA3F3EE046BE8B800E6600F /* keyboard.c */ = {isa = PBXFileReference; fileEncoding = 4; lastKnownFileType = sourcecode.c.c; lineEnding = 0; path = keyboard.c; sourceTree = "<group>"; };
		4CA3F3EF046BE8B800E6600F /* keyboard.h */ = {isa = PBXFileReference; fileEncoding = 4; lastKnownFileType = sourcecode.c.h; lineEnding = 0; path = keyboard.h; sourceTree = "<group>"; };
		551316342CDED5FF0084DEE0 /* dbugsys.h */ = {isa = PBXFileReference; fileEncoding = 4; lastKnownFileType = sourcecode.c.h; lineEnding = 0; path = dbugsys.h; sourceTree = "<group>"; };
		551316352CDED7910084DEE0 /* ini.h */ = {isa = PBXFileReference; fileEncoding = 4; lastKnownFileType = sourcecode.c.h; path = ini.h; sourceTree = "<group>"; };
		551316362CDED7910084DEE0 /* ini.c */ = {isa = PBXFileReference; fileEncoding = 4; lastKnownFileType = sourcecode.c.c; path = ini.c; sourceTree = "<group>"; };
		55202D8020C8C4A700E2DA03 /* paldisplaydev.c */ = {isa = PBXFileReference; fileEncoding = 4; lastKnownFileType = sourcecode.c.c; lineEnding = 0; path = paldisplaydev.c; sourceTree = "<group>"; };
		557C2ACC20CAE8810084CBDB /* c99.h */ = {isa = PBXFileReference; fileEncoding = 4; lastKnownFileType = sourcecode.c.h; lineEnding = 0; path = c99.h; sourceTree = "<group>"; };
		557C2ACE20CAE8D00084CBDB /* hostfs.c */ = {isa = PBXFileReference; fileEncoding = 4; lastKnownFileType = sourcecode.c.c; lineEnding = 0; path = hostfs.c; sourceTree = "<group>"; };
		557C2ACF20CAE8D00084CBDB /* hostfs.h */ = {isa = PBXFileReference; fileEncoding = 4; lastKnownFileType = sourcecode.c.h; lineEnding = 0; path = hostfs.h; sourceTree = "<group>"; };
		5582DD9620C8C14900931D55 /* ArcEm.app */ = {isa = PBXFileReference; explicitFileType = wrapper.application; includeInIndex = 0; path = ArcEm.app; sourceTree = BUILT_PRODUCTS_DIR; };
		55F89C2220C8C79700374D5B /* cp15.c */ = {isa = PBXFileReference; fileEncoding = 4; lastKnownFileType = sourcecode.c.c; lineEnding = 0; path = cp15.c; sourceTree = "<group>"; };
		55F89C2320C8C79700374D5B /* cp15.h */ = {isa = PBXFileReference; fileEncoding = 4; lastKnownFileType = sourcecode.c.h; lineEnding = 0; path = cp15.h; sourceTree = "<group>"; };
		55F89C2720C8C7F800374D5B /* eventq.c */ = {isa = PBXFileReference; fileEncoding = 4; lastKnownFileType = sourcecode.c.c; lineEnding = 0; path = eventq.c; sourceTree = "<group>"; };
		55F89C2820C8C7F800374D5B /* eventq.h */ = {isa = PBXFileReference; fileEncoding = 4; lastKnownFileType = sourcecode.c.h; lineEnding = 0; path = eventq.h; sourceTree = "<group>"; };
		55F89C2B20C8C8F900374D5B /* sound.h */ = {isa = PBXFileReference; fileEncoding = 4; lastKnownFileType = sourcecode.c.h; lineEnding = 0; path = sound.h; sourceTree = "<group>"; };
		55F89C2D20C8C92E00374D5B /* extnrom.c */ = {isa = PBXFileReference; fileEncoding = 4; lastKnownFileType = sourcecode.c.c; lineEnding = 0; path = extnrom.c; sourceTree = "<group>"; };
		55F89C2E20C8C92F00374D5B /* extnrom.h */ = {isa = PBXFileReference; fileEncoding = 4; lastKnownFileType = sourcecode.c.h; lineEnding = 0; path = extnrom.h; sourceTree = "<group>"; };
		55F89C3120C8C94700374D5B /* displaydev.c */ = {isa = PBXFileReference; fileEncoding = 4; lastKnownFileType = sourcecode.c.c; lineEnding = 0; path = displaydev.c; sourceTree = "<group>"; };
		55F89C3220C8C94700374D5B /* displaydev.h */ = {isa = PBXFileReference; fileEncoding = 4; lastKnownFileType = sourcecode.c.h; lineEnding = 0; path = displaydev.h; sourceTree = "<group>"; };
		55F89C3520C8C95400374D5B /* stddisplaydev.c */ = {isa = PBXFileReference; fileEncoding = 4; lastKnownFileType = sourcecode.c.c; lineEnding = 0; path = stddisplaydev.c; sourceTree = "<group>"; };
		55F89C3620C8C96C00374D5B /* ArcemConfig.h */ = {isa = PBXFileReference; fileEncoding = 4; lastKnownFileType = sourcecode.c.h; lineEnding = 0; path = ArcemConfig.h; sourceTree = "<group>"; };
		55F89C3720C8C96C00374D5B /* ArcemConfig.c */ = {isa = PBXFileReference; fileEncoding = 4; lastKnownFileType = sourcecode.c.c; lineEnding = 0; path = ArcemConfig.c; sourceTree = "<group>"; };
		55F89C3A20C8C9AE00374D5B /* filecalls.h */ = {isa = PBXFileReference; fileEncoding = 4; lastKnownFileType = sourcecode.c.h; lineEnding = 0; path = filecalls.h; sourceTree = "<group>"; };
		55F89C3B20C8C9AE00374D5B /* filecommon.c */ = {isa = PBXFileReference; fileEncoding = 4; lastKnownFileType = sourcecode.c.c; lineEnding = 0; path = filecommon.c; sourceTree = "<group>"; };
		55F89C4120C8CBAA00374D5B /* newsound.c */ = {isa = PBXFileReference; fileEncoding = 4; lastKnownFileType = sourcecode.c.c; lineEnding = 0; path = newsound.c; sourceTree = "<group>"; };
		7E89E4E12D6200CC0079EC01 /* filecalls.m */ = {isa = PBXFileReference; lastKnownFileType = sourcecode.c.objc; path = filecalls.m; sourceTree = "<group>"; };
		7E9CB4F62D60026C00DBB7B9 /* filero.c */ = {isa = PBXFileReference; lastKnownFileType = sourcecode.c.c; path = filero.c; sourceTree = "<group>"; };
		7E9CB4F82D60026C00DBB7B9 /* fileunix.c */ = {isa = PBXFileReference; lastKnownFileType = sourcecode.c.c; path = fileunix.c; sourceTree = "<group>"; };
		7E9CB4FA2D60026C00DBB7B9 /* filewin.c */ = {isa = PBXFileReference; lastKnownFileType = sourcecode.c.c; path = filewin.c; sourceTree = "<group>"; };
		D157A5F10291D6F801123251 /* ArcemView.h */ = {isa = PBXFileReference; fileEncoding = 4; lastKnownFileType = sourcecode.c.h; lineEnding = 0; path = ArcemView.h; sourceTree = "<group>"; };
		D157A5F20291D6F801123251 /* ArcemView.m */ = {isa = PBXFileReference; fileEncoding = 4; lastKnownFileType = sourcecode.c.objc; lineEnding = 0; path = ArcemView.m; sourceTree = "<group>"; };
		D157A5F50291D94401123251 /* ArcemController.m */ = {isa = PBXFileReference; fileEncoding = 4; lastKnownFileType = sourcecode.c.objc; lineEnding = 0; path = ArcemController.m; sourceTree = "<group>"; };
		D157A5F60291D94401123251 /* ArcemController.h */ = {isa = PBXFileReference; fileEncoding = 4; lastKnownFileType = sourcecode.c.h; lineEnding = 0; path = ArcemController.h; sourceTree = "<group>"; };
		D157A5F90291DA6C01123251 /* ArcemEmulator.m */ = {isa = PBXFileReference; fileEncoding = 4; lastKnownFileType = sourcecode.c.objc; lineEnding = 0; path = ArcemEmulator.m; sourceTree = "<group>"; };
		D157A5FA0291DA6C01123251 /* ArcemEmulator.h */ = {isa = PBXFileReference; fileEncoding = 4; lastKnownFileType = sourcecode.c.h; lineEnding = 0; path = ArcemEmulator.h; sourceTree = "<group>"; };
		D167869C029D98DC01D1F43F /* PreferenceController.m */ = {isa = PBXFileReference; fileEncoding = 4; lastKnownFileType = sourcecode.c.objc; lineEnding = 0; path = PreferenceController.m; sourceTree = "<group>"; };
		D167869D029D98DC01D1F43F /* PreferenceController.h */ = {isa = PBXFileReference; fileEncoding = 4; lastKnownFileType = sourcecode.c.h; lineEnding = 0; path = PreferenceController.h; sourceTree = "<group>"; };
		D19819E302CA867701D1F43F /* English */ = {isa = PBXFileReference; lastKnownFileType = file.xib; name = English; path = en.lproj/Preferences.xib; sourceTree = "<group>"; };
		D1CA0AAF029C4D9401D1F43F /* Credits.rtf */ = {isa = PBXFileReference; lastKnownFileType = text.rtf; path = Credits.rtf; sourceTree = "<group>"; };
		D1E0F9D002B41B0301D1F43F /* archio.c */ = {isa = PBXFileReference; fileEncoding = 4; lastKnownFileType = sourcecode.c.c; lineEnding = 0; path = archio.c; sourceTree = "<group>"; };
		D1E0F9D102B41B0301D1F43F /* archio.h */ = {isa = PBXFileReference; fileEncoding = 4; lastKnownFileType = sourcecode.c.h; lineEnding = 0; path = archio.h; sourceTree = "<group>"; };
		D1E0F9D202B41B0301D1F43F /* armarc.c */ = {isa = PBXFileReference; fileEncoding = 4; lastKnownFileType = sourcecode.c.c; lineEnding = 0; path = armarc.c; sourceTree = "<group>"; };
		D1E0F9D302B41B0301D1F43F /* armarc.h */ = {isa = PBXFileReference; fileEncoding = 4; lastKnownFileType = sourcecode.c.h; lineEnding = 0; path = armarc.h; sourceTree = "<group>"; };
		D1E0F9D402B41B0301D1F43F /* ControlPane.h */ = {isa = PBXFileReference; fileEncoding = 4; lastKnownFileType = sourcecode.c.h; lineEnding = 0; path = ControlPane.h; sourceTree = "<group>"; };
		D1E0F9D602B41B0301D1F43F /* fdc1772.c */ = {isa = PBXFileReference; fileEncoding = 4; lastKnownFileType = sourcecode.c.c; lineEnding = 0; path = fdc1772.c; sourceTree = "<group>"; };
		D1E0F9D702B41B0301D1F43F /* fdc1772.h */ = {isa = PBXFileReference; fileEncoding = 4; lastKnownFileType = sourcecode.c.h; lineEnding = 0; path = fdc1772.h; sourceTree = "<group>"; };
		D1E0F9D802B41B0301D1F43F /* hdc63463.c */ = {isa = PBXFileReference; fileEncoding = 4; lastKnownFileType = sourcecode.c.c; lineEnding = 0; path = hdc63463.c; sourceTree = "<group>"; };
		D1E0F9D902B41B0301D1F43F /* hdc63463.h */ = {isa = PBXFileReference; fileEncoding = 4; lastKnownFileType = sourcecode.c.h; lineEnding = 0; path = hdc63463.h; sourceTree = "<group>"; };
		D1E0F9DA02B41B0301D1F43F /* i2c.c */ = {isa = PBXFileReference; fileEncoding = 4; lastKnownFileType = sourcecode.c.c; lineEnding = 0; path = i2c.c; sourceTree = "<group>"; };
		D1E0F9DB02B41B0301D1F43F /* i2c.h */ = {isa = PBXFileReference; fileEncoding = 4; lastKnownFileType = sourcecode.c.h; lineEnding = 0; path = i2c.h; sourceTree = "<group>"; };
		D1E0F9DE02B41B0301D1F43F /* Version.h */ = {isa = PBXFileReference; fileEncoding = 4; lastKnownFileType = sourcecode.c.h; lineEnding = 0; path = Version.h; sourceTree = "<group>"; };
		D1E0F9E202B41B0301D1F43F /* armcopro.c */ = {isa = PBXFileReference; fileEncoding = 4; lastKnownFileType = sourcecode.c.c; lineEnding = 0; path = armcopro.c; sourceTree = "<group>"; };
		D1E0F9E302B41B0301D1F43F /* armdefs.h */ = {isa = PBXFileReference; fileEncoding = 4; lastKnownFileType = sourcecode.c.h; lineEnding = 0; path = armdefs.h; sourceTree = "<group>"; };
		D1E0F9E802B41B0301D1F43F /* armemu.c */ = {isa = PBXFileReference; fileEncoding = 4; lastKnownFileType = sourcecode.c.c; lineEnding = 0; path = armemu.c; sourceTree = "<group>"; };
		D1E0F9E902B41B0301D1F43F /* armemu.h */ = {isa = PBXFileReference; fileEncoding = 4; lastKnownFileType = sourcecode.c.h; lineEnding = 0; path = armemu.h; sourceTree = "<group>"; };
		D1E0F9EB02B41B0301D1F43F /* arminit.c */ = {isa = PBXFileReference; fileEncoding = 4; lastKnownFileType = sourcecode.c.c; lineEnding = 0; path = arminit.c; sourceTree = "<group>"; };
		D1E0F9F102B41B0301D1F43F /* armsupp.c */ = {isa = PBXFileReference; fileEncoding = 4; lastKnownFileType = sourcecode.c.c; lineEnding = 0; path = armsupp.c; sourceTree = "<group>"; };
		D1E0F9F402B41B0301D1F43F /* dagstandalone.c */ = {isa = PBXFileReference; fileEncoding = 4; lastKnownFileType = sourcecode.c.c; lineEnding = 0; path = dagstandalone.c; sourceTree = "<group>"; };
		D1E0F9F502B41B0301D1F43F /* dagstandalone.h */ = {isa = PBXFileReference; fileEncoding = 4; lastKnownFileType = sourcecode.c.h; lineEnding = 0; path = dagstandalone.h; sourceTree = "<group>"; };
		D1F01DD60293339001CDBB35 /* DispKbd.c */ = {isa = PBXFileReference; fileEncoding = 4; indentWidth = 2; lastKnownFileType = sourcecode.c.c; lineEnding = 0; path = DispKbd.c; sourceTree = "<group>"; usesTabs = 0; };
		D1F01DD8029333DB01CDBB35 /* win.h */ = {isa = PBXFileReference; fileEncoding = 4; lastKnownFileType = sourcecode.c.h; lineEnding = 0; path = win.h; sourceTree = "<group>"; };
		D1F01DDA0293D79C01CDBB35 /* KeyTable.h */ = {isa = PBXFileReference; fileEncoding = 4; lastKnownFileType = sourcecode.c.h; lineEnding = 0; path = KeyTable.h; sourceTree = "<group>"; };
		D1F01DDC0293E0E601CDBB35 /* ControlPane.c */ = {isa = PBXFileReference; fileEncoding = 4; lastKnownFileType = sourcecode.c.c; lineEnding = 0; path = ControlPane.c; sourceTree = "<group>"; };
/* End PBXFileReference section */

/* Begin PBXFrameworksBuildPhase section */
		5582DD8F20C8C14900931D55 /* Frameworks */ = {
			isa = PBXFrameworksBuildPhase;
			buildActionMask = 2147483647;
			files = (
				5582DD9020C8C14900931D55 /* Cocoa.framework in Frameworks */,
			);
			runOnlyForDeploymentPostprocessing = 0;
		};
/* End PBXFrameworksBuildPhase section */

/* Begin PBXGroup section */
		080E96DDFE201D6D7F000001 /* Classes */ = {
			isa = PBXGroup;
			children = (
				D157A5F60291D94401123251 /* ArcemController.h */,
				D157A5F50291D94401123251 /* ArcemController.m */,
				D157A5FA0291DA6C01123251 /* ArcemEmulator.h */,
				D157A5F90291DA6C01123251 /* ArcemEmulator.m */,
				D157A5F10291D6F801123251 /* ArcemView.h */,
				D157A5F20291D6F801123251 /* ArcemView.m */,
				D167869D029D98DC01D1F43F /* PreferenceController.h */,
				D167869C029D98DC01D1F43F /* PreferenceController.m */,
			);
			indentWidth = 4;
			name = Classes;
			sourceTree = "<group>";
		};
		19C28FACFE9D520D11CA2CBB /* Products */ = {
			isa = PBXGroup;
			children = (
				5582DD9620C8C14900931D55 /* ArcEm.app */,
			);
			name = Products;
			sourceTree = "<group>";
		};
		29B97314FDCFA39411CA2CEA /* ArcEm */ = {
			isa = PBXGroup;
			children = (
				080E96DDFE201D6D7F000001 /* Classes */,
				29B97315FDCFA39411CA2CEA /* Other Sources */,
				29B97317FDCFA39411CA2CEA /* Resources */,
				29B97323FDCFA39411CA2CEA /* Frameworks */,
				19C28FACFE9D520D11CA2CBB /* Products */,
			);
			indentWidth = 2;
			name = ArcEm;
			sourceTree = "<group>";
			usesTabs = 0;
		};
		29B97315FDCFA39411CA2CEA /* Other Sources */ = {
			isa = PBXGroup;
			children = (
				551316382CDED7910084DEE0 /* libs */,
				D1F01DD50293336E01CDBB35 /* mac */,
				D1E0F9CF02B41B0301D1F43F /* arch */,
				D1E0F9E202B41B0301D1F43F /* armcopro.c */,
				D1E0F9E302B41B0301D1F43F /* armdefs.h */,
				D1E0F9E802B41B0301D1F43F /* armemu.c */,
				D1E0F9E902B41B0301D1F43F /* armemu.h */,
				D1E0F9EB02B41B0301D1F43F /* arminit.c */,
				D1E0F9F102B41B0301D1F43F /* armsupp.c */,
				557C2ACC20CAE8810084CBDB /* c99.h */,
				55F89C2720C8C7F800374D5B /* eventq.c */,
				55F89C2820C8C7F800374D5B /* eventq.h */,
				D1E0F9F402B41B0301D1F43F /* dagstandalone.c */,
				D1E0F9F502B41B0301D1F43F /* dagstandalone.h */,
				557C2ACE20CAE8D00084CBDB /* hostfs.c */,
				557C2ACF20CAE8D00084CBDB /* hostfs.h */,
			);
			name = "Other Sources";
			path = ..;
			sourceTree = "<group>";
		};
		29B97317FDCFA39411CA2CEA /* Resources */ = {
			isa = PBXGroup;
			children = (
				29B97318FDCFA39411CA2CEA /* MainMenu.xib */,
				D19819E202CA867701D1F43F /* Preferences.xib */,
				D1CA0AAF029C4D9401D1F43F /* Credits.rtf */,
			);
			name = Resources;
			sourceTree = "<group>";
		};
		29B97323FDCFA39411CA2CEA /* Frameworks */ = {
			isa = PBXGroup;
			children = (
				1058C7A1FEA54F0111CA2CBB /* Cocoa.framework */,
				29B97325FDCFA39411CA2CEA /* Foundation.framework */,
				29B97324FDCFA39411CA2CEA /* AppKit.framework */,
			);
			name = Frameworks;
			sourceTree = "<group>";
		};
		551316372CDED7910084DEE0 /* inih */ = {
			isa = PBXGroup;
			children = (
				551316352CDED7910084DEE0 /* ini.h */,
				551316362CDED7910084DEE0 /* ini.c */,
			);
			path = inih;
			sourceTree = "<group>";
		};
		551316382CDED7910084DEE0 /* libs */ = {
			isa = PBXGroup;
			children = (
				551316372CDED7910084DEE0 /* inih */,
			);
			path = libs;
			sourceTree = "<group>";
		};
		D1E0F9CF02B41B0301D1F43F /* arch */ = {
			isa = PBXGroup;
			children = (
				55F89C3620C8C96C00374D5B /* ArcemConfig.h */,
				55F89C3720C8C96C00374D5B /* ArcemConfig.c */,
				D1E0F9D102B41B0301D1F43F /* archio.h */,
				D1E0F9D002B41B0301D1F43F /* archio.c */,
				D1E0F9D302B41B0301D1F43F /* armarc.h */,
				D1E0F9D202B41B0301D1F43F /* armarc.c */,
				D1E0F9D402B41B0301D1F43F /* ControlPane.h */,
				55F89C2320C8C79700374D5B /* cp15.h */,
				55F89C2220C8C79700374D5B /* cp15.c */,
				551316342CDED5FF0084DEE0 /* dbugsys.h */,
				55F89C3220C8C94700374D5B /* displaydev.h */,
				55F89C3120C8C94700374D5B /* displaydev.c */,
				55F89C2E20C8C92F00374D5B /* extnrom.h */,
				55F89C2D20C8C92E00374D5B /* extnrom.c */,
				D1E0F9D702B41B0301D1F43F /* fdc1772.h */,
				D1E0F9D602B41B0301D1F43F /* fdc1772.c */,
				55F89C3A20C8C9AE00374D5B /* filecalls.h */,
				55F89C3B20C8C9AE00374D5B /* filecommon.c */,
				7E9CB4F62D60026C00DBB7B9 /* filero.c */,
				7E9CB4F82D60026C00DBB7B9 /* fileunix.c */,
				7E9CB4FA2D60026C00DBB7B9 /* filewin.c */,
				D1E0F9D902B41B0301D1F43F /* hdc63463.h */,
				D1E0F9D802B41B0301D1F43F /* hdc63463.c */,
				D1E0F9DB02B41B0301D1F43F /* i2c.h */,
				D1E0F9DA02B41B0301D1F43F /* i2c.c */,
				4CA3F3EF046BE8B800E6600F /* keyboard.h */,
				4CA3F3EE046BE8B800E6600F /* keyboard.c */,
				55F89C4120C8CBAA00374D5B /* newsound.c */,
				55202D8020C8C4A700E2DA03 /* paldisplaydev.c */,
				55F89C2B20C8C8F900374D5B /* sound.h */,
				55F89C3520C8C95400374D5B /* stddisplaydev.c */,
				D1E0F9DE02B41B0301D1F43F /* Version.h */,
			);
			path = arch;
			sourceTree = "<group>";
		};
		D1F01DD50293336E01CDBB35 /* mac */ = {
			isa = PBXGroup;
			children = (
				D1F01DDC0293E0E601CDBB35 /* ControlPane.c */,
				D1F01DD60293339001CDBB35 /* DispKbd.c */,
				7E89E4E12D6200CC0079EC01 /* filecalls.m */,
				D1F01DDA0293D79C01CDBB35 /* KeyTable.h */,
				29B97316FDCFA39411CA2CEA /* main.m */,
				D1F01DD8029333DB01CDBB35 /* win.h */,
			);
			name = mac;
			path = macosx;
			sourceTree = "<group>";
		};
/* End PBXGroup section */

/* Begin PBXNativeTarget section */
		5582DD5520C8C14900931D55 /* ArcEm */ = {
			isa = PBXNativeTarget;
			buildConfigurationList = 5582DD9120C8C14900931D55 /* Build configuration list for PBXNativeTarget "ArcEm" */;
			buildPhases = (
				5582DD7320C8C14900931D55 /* Resources */,
				5582DD7920C8C14900931D55 /* Sources */,
				5582DD8F20C8C14900931D55 /* Frameworks */,
			);
			buildRules = (
			);
			dependencies = (
			);
			name = ArcEm;
			productInstallPath = "$(HOME)/Applications";
			productName = ArcEm;
			productReference = 5582DD9620C8C14900931D55 /* ArcEm.app */;
			productType = "com.apple.product-type.application";
		};
/* End PBXNativeTarget section */

/* Begin PBXProject section */
		29B97313FDCFA39411CA2CEA /* Project object */ = {
			isa = PBXProject;
			attributes = {
				BuildIndependentTargetsInParallel = YES;
				LastUpgradeCheck = 1610;
			};
			buildConfigurationList = 5582DD4F20C8C0F900931D55 /* Build configuration list for PBXProject "ArcEm" */;
			compatibilityVersion = "Xcode 12.0";
			developmentRegion = en;
			hasScannedForEncodings = 1;
			knownRegions = (
				en,
			);
			mainGroup = 29B97314FDCFA39411CA2CEA /* ArcEm */;
			projectDirPath = "";
			projectRoot = ..;
			targets = (
				5582DD5520C8C14900931D55 /* ArcEm */,
			);
		};
/* End PBXProject section */

/* Begin PBXResourcesBuildPhase section */
		5582DD7320C8C14900931D55 /* Resources */ = {
			isa = PBXResourcesBuildPhase;
			buildActionMask = 2147483647;
			files = (
				5582DD7420C8C14900931D55 /* MainMenu.xib in Resources */,
				5582DD7620C8C14900931D55 /* Credits.rtf in Resources */,
				5582DD7820C8C14900931D55 /* Preferences.xib in Resources */,
			);
			runOnlyForDeploymentPostprocessing = 0;
		};
/* End PBXResourcesBuildPhase section */

/* Begin PBXSourcesBuildPhase section */
		5582DD7920C8C14900931D55 /* Sources */ = {
			isa = PBXSourcesBuildPhase;
			buildActionMask = 2147483647;
			files = (
				55F89C2920C8C7F800374D5B /* eventq.c in Sources */,
				5582DD7A20C8C14900931D55 /* main.m in Sources */,
				7E9CB4FB2D60026C00DBB7B9 /* filero.c in Sources */,
				7E9CB4FC2D60026C00DBB7B9 /* fileunix.c in Sources */,
				7E9CB4FD2D60026C00DBB7B9 /* filewin.c in Sources */,
				5582DD7B20C8C14900931D55 /* ArcemView.m in Sources */,
				55F89C2420C8C79700374D5B /* cp15.c in Sources */,
				5582DD7C20C8C14900931D55 /* ArcemController.m in Sources */,
				55F89C4320C8CC9200374D5B /* DispKbd.c in Sources */,
				5582DD7D20C8C14900931D55 /* ArcemEmulator.m in Sources */,
				5582DD8020C8C14900931D55 /* PreferenceController.m in Sources */,
				557C2AD820CC681E0084CBDB /* hostfs.c in Sources */,
				55F89C2F20C8C92F00374D5B /* extnrom.c in Sources */,
				5582DD8120C8C14900931D55 /* archio.c in Sources */,
				5582DD8220C8C14900931D55 /* armarc.c in Sources */,
				5582DD8320C8C14900931D55 /* fdc1772.c in Sources */,
				5582DD8420C8C14900931D55 /* hdc63463.c in Sources */,
				5582DD8520C8C14900931D55 /* i2c.c in Sources */,
				55F89C3D20C8C9AE00374D5B /* filecommon.c in Sources */,
				55F89C4220C8CBAA00374D5B /* newsound.c in Sources */,
				7E89E4E22D6200CC0079EC01 /* filecalls.m in Sources */,
				55F89C2620C8C7B400374D5B /* ControlPane.c in Sources */,
				5582DD8720C8C14900931D55 /* armcopro.c in Sources */,
				5582DD8820C8C14900931D55 /* armemu.c in Sources */,
				5582DD8920C8C14900931D55 /* arminit.c in Sources */,
				55F89C3320C8C94700374D5B /* displaydev.c in Sources */,
				5582DD8C20C8C14900931D55 /* armsupp.c in Sources */,
				5582DD8D20C8C14900931D55 /* dagstandalone.c in Sources */,
				55F89C3920C8C96C00374D5B /* ArcemConfig.c in Sources */,
				551316392CDED7910084DEE0 /* ini.c in Sources */,
				5582DD8E20C8C14900931D55 /* keyboard.c in Sources */,
			);
			runOnlyForDeploymentPostprocessing = 0;
		};
/* End PBXSourcesBuildPhase section */

/* Begin PBXVariantGroup section */
		29B97318FDCFA39411CA2CEA /* MainMenu.xib */ = {
			isa = PBXVariantGroup;
			children = (
				29B97319FDCFA39411CA2CEA /* English */,
			);
			name = MainMenu.xib;
			sourceTree = "<group>";
		};
		D19819E202CA867701D1F43F /* Preferences.xib */ = {
			isa = PBXVariantGroup;
			children = (
				D19819E302CA867701D1F43F /* English */,
			);
			name = Preferences.xib;
			sourceTree = "<group>";
		};
/* End PBXVariantGroup section */

/* Begin XCBuildConfiguration section */
		5582DD4920C8C0F800931D55 /* Debug */ = {
			isa = XCBuildConfiguration;
			buildSettings = {
				ALWAYS_SEARCH_USER_PATHS = NO;
				CLANG_ANALYZER_LOCALIZABILITY_NONLOCALIZED = YES;
				CLANG_WARN_BLOCK_CAPTURE_AUTORELEASING = YES;
				CLANG_WARN_BOOL_CONVERSION = YES;
				CLANG_WARN_COMMA = YES;
				CLANG_WARN_CONSTANT_CONVERSION = YES;
				CLANG_WARN_DEPRECATED_OBJC_IMPLEMENTATIONS = YES;
				CLANG_WARN_EMPTY_BODY = YES;
				CLANG_WARN_ENUM_CONVERSION = YES;
				CLANG_WARN_INFINITE_RECURSION = YES;
				CLANG_WARN_INT_CONVERSION = YES;
				CLANG_WARN_NON_LITERAL_NULL_CONVERSION = YES;
				CLANG_WARN_OBJC_IMPLICIT_RETAIN_SELF = YES;
				CLANG_WARN_OBJC_LITERAL_CONVERSION = YES;
				CLANG_WARN_QUOTED_INCLUDE_IN_FRAMEWORK_HEADER = YES;
				CLANG_WARN_RANGE_LOOP_ANALYSIS = YES;
				CLANG_WARN_STRICT_PROTOTYPES = YES;
				CLANG_WARN_SUSPICIOUS_MOVE = YES;
				CLANG_WARN_UNREACHABLE_CODE = YES;
				CLANG_WARN__DUPLICATE_METHOD_MATCH = YES;
				DEAD_CODE_STRIPPING = YES;
				ENABLE_STRICT_OBJC_MSGSEND = YES;
				ENABLE_TESTABILITY = YES;
				ENABLE_USER_SCRIPT_SANDBOXING = YES;
				GCC_NO_COMMON_BLOCKS = YES;
				GCC_WARN_64_TO_32_BIT_CONVERSION = YES;
				GCC_WARN_ABOUT_RETURN_TYPE = YES;
				GCC_WARN_UNDECLARED_SELECTOR = YES;
				GCC_WARN_UNINITIALIZED_AUTOS = YES;
				GCC_WARN_UNUSED_FUNCTION = YES;
				GCC_WARN_UNUSED_VARIABLE = YES;
				MACOSX_DEPLOYMENT_TARGET = 10.13;
				ONLY_ACTIVE_ARCH = YES;
				SDKROOT = macosx;
			};
			name = Debug;
		};
		5582DD4A20C8C0F800931D55 /* Release */ = {
			isa = XCBuildConfiguration;
			buildSettings = {
				ALWAYS_SEARCH_USER_PATHS = NO;
				CLANG_ANALYZER_LOCALIZABILITY_NONLOCALIZED = YES;
				CLANG_WARN_BLOCK_CAPTURE_AUTORELEASING = YES;
				CLANG_WARN_BOOL_CONVERSION = YES;
				CLANG_WARN_COMMA = YES;
				CLANG_WARN_CONSTANT_CONVERSION = YES;
				CLANG_WARN_DEPRECATED_OBJC_IMPLEMENTATIONS = YES;
				CLANG_WARN_EMPTY_BODY = YES;
				CLANG_WARN_ENUM_CONVERSION = YES;
				CLANG_WARN_INFINITE_RECURSION = YES;
				CLANG_WARN_INT_CONVERSION = YES;
				CLANG_WARN_NON_LITERAL_NULL_CONVERSION = YES;
				CLANG_WARN_OBJC_IMPLICIT_RETAIN_SELF = YES;
				CLANG_WARN_OBJC_LITERAL_CONVERSION = YES;
				CLANG_WARN_QUOTED_INCLUDE_IN_FRAMEWORK_HEADER = YES;
				CLANG_WARN_RANGE_LOOP_ANALYSIS = YES;
				CLANG_WARN_STRICT_PROTOTYPES = YES;
				CLANG_WARN_SUSPICIOUS_MOVE = YES;
				CLANG_WARN_UNREACHABLE_CODE = YES;
				CLANG_WARN__DUPLICATE_METHOD_MATCH = YES;
				DEAD_CODE_STRIPPING = YES;
				ENABLE_STRICT_OBJC_MSGSEND = YES;
				ENABLE_USER_SCRIPT_SANDBOXING = YES;
				GCC_NO_COMMON_BLOCKS = YES;
				GCC_WARN_64_TO_32_BIT_CONVERSION = YES;
				GCC_WARN_ABOUT_RETURN_TYPE = YES;
				GCC_WARN_UNDECLARED_SELECTOR = YES;
				GCC_WARN_UNINITIALIZED_AUTOS = YES;
				GCC_WARN_UNUSED_FUNCTION = YES;
				GCC_WARN_UNUSED_VARIABLE = YES;
				MACOSX_DEPLOYMENT_TARGET = 10.13;
				SDKROOT = macosx;
			};
			name = Release;
		};
		5582DD9220C8C14900931D55 /* Debug */ = {
			isa = XCBuildConfiguration;
			buildSettings = {
				ALWAYS_SEARCH_USER_PATHS = NO;
				ASSETCATALOG_COMPILER_APPICON_NAME = arcem;
				CLANG_ENABLE_MODULES = YES;
				CLANG_ENABLE_OBJC_ARC = YES;
				CLANG_ENABLE_OBJC_WEAK = YES;
				COPY_PHASE_STRIP = NO;
				CURRENT_PROJECT_VERSION = 1.50.2;
				DEAD_CODE_STRIPPING = YES;
				GCC_DYNAMIC_NO_PIC = NO;
				GCC_GENERATE_DEBUGGING_SYMBOLS = YES;
				GCC_OPTIMIZATION_LEVEL = 0;
				GCC_PREPROCESSOR_DEFINITIONS = (
					SYSTEM_macosx,
					EXTNROM_SUPPORT,
					HOSTFS_SUPPORT,
					_DIRENT_HAVE_D_TYPE,
				);
				GENERATE_INFOPLIST_FILE = YES;
				HEADER_SEARCH_PATHS = ..;
				INFOPLIST_KEY_NSMainNibFile = MainMenu;
				INFOPLIST_KEY_NSPrincipalClass = NSApplication;
				MARKETING_VERSION = 1.50.2;
				PRODUCT_BUNDLE_IDENTIFIER = com.g141.arcem;
				PRODUCT_NAME = ArcEm;
				WRAPPER_EXTENSION = app;
			};
			name = Debug;
		};
		5582DD9320C8C14900931D55 /* Release */ = {
			isa = XCBuildConfiguration;
			buildSettings = {
				ALWAYS_SEARCH_USER_PATHS = NO;
				ASSETCATALOG_COMPILER_APPICON_NAME = arcem;
				CLANG_ENABLE_MODULES = YES;
				CLANG_ENABLE_OBJC_ARC = YES;
				CLANG_ENABLE_OBJC_WEAK = YES;
				COPY_PHASE_STRIP = YES;
				CURRENT_PROJECT_VERSION = 1.50.2;
				DEAD_CODE_STRIPPING = YES;
				GCC_PREPROCESSOR_DEFINITIONS = (
					SYSTEM_macosx,
					EXTNROM_SUPPORT,
					HOSTFS_SUPPORT,
					_DIRENT_HAVE_D_TYPE,
				);
				GENERATE_INFOPLIST_FILE = YES;
				HEADER_SEARCH_PATHS = ..;
				INFOPLIST_KEY_NSMainNibFile = MainMenu;
				INFOPLIST_KEY_NSPrincipalClass = NSApplication;
				MARKETING_VERSION = 1.50.2;
				PRODUCT_BUNDLE_IDENTIFIER = com.g141.arcem;
				PRODUCT_NAME = ArcEm;
				WRAPPER_EXTENSION = app;
			};
			name = Release;
		};
/* End XCBuildConfiguration section */

/* Begin XCConfigurationList section */
		5582DD4F20C8C0F900931D55 /* Build configuration list for PBXProject "ArcEm" */ = {
			isa = XCConfigurationList;
			buildConfigurations = (
				5582DD4920C8C0F800931D55 /* Debug */,
				5582DD4A20C8C0F800931D55 /* Release */,
			);
			defaultConfigurationIsVisible = 0;
			defaultConfigurationName = Release;
		};
		5582DD9120C8C14900931D55 /* Build configuration list for PBXNativeTarget "ArcEm" */ = {
			isa = XCConfigurationList;
			buildConfigurations = (
				5582DD9220C8C14900931D55 /* Debug */,
				5582DD9320C8C14900931D55 /* Release */,
			);
			defaultConfigurationIsVisible = 0;
			defaultConfigurationName = Release;
		};
/* End XCConfigurationList section */
	};
	rootObject = 29B97313FDCFA39411CA2CEA /* Project object */;
}
